// !$*UTF8*$!
{
	archiveVersion = 1;
	classes = {
	};
	objectVersion = 55;
	objects = {

/* Begin PBXBuildFile section */
		84AA05AC28E4350000509DEE /* AppDelegate.swift in Sources */ = {isa = PBXBuildFile; fileRef = 84AA05AB28E4350000509DEE /* AppDelegate.swift */; };
		84AA05AE28E4350000509DEE /* SceneDelegate.swift in Sources */ = {isa = PBXBuildFile; fileRef = 84AA05AD28E4350000509DEE /* SceneDelegate.swift */; };
		84AA05B028E4350000509DEE /* ListViewController.swift in Sources */ = {isa = PBXBuildFile; fileRef = 84AA05AF28E4350000509DEE /* ListViewController.swift */; };
		84AA05B328E4350000509DEE /* Main.storyboard in Resources */ = {isa = PBXBuildFile; fileRef = 84AA05B128E4350000509DEE /* Main.storyboard */; };
		84AA05B628E4350000509DEE /* TodoList.xcdatamodeld in Sources */ = {isa = PBXBuildFile; fileRef = 84AA05B428E4350000509DEE /* TodoList.xcdatamodeld */; };
		84AA05B828E4350100509DEE /* Assets.xcassets in Resources */ = {isa = PBXBuildFile; fileRef = 84AA05B728E4350100509DEE /* Assets.xcassets */; };
		84AA05BB28E4350100509DEE /* LaunchScreen.storyboard in Resources */ = {isa = PBXBuildFile; fileRef = 84AA05B928E4350100509DEE /* LaunchScreen.storyboard */; };
		84AA05CD28E435FE00509DEE /* Note.swift in Sources */ = {isa = PBXBuildFile; fileRef = 84AA05CC28E435FE00509DEE /* Note.swift */; };
		84AA05CF28E4363900509DEE /* ListPresenter.swift in Sources */ = {isa = PBXBuildFile; fileRef = 84AA05CE28E4363900509DEE /* ListPresenter.swift */; };
		84AA05D428E439A700509DEE /* ListsCell.swift in Sources */ = {isa = PBXBuildFile; fileRef = 84AA05D328E439A700509DEE /* ListsCell.swift */; };
		84AA05D628E4425F00509DEE /* EditViewController.swift in Sources */ = {isa = PBXBuildFile; fileRef = 84AA05D528E4425F00509DEE /* EditViewController.swift */; };
		84AA05D828E4431900509DEE /* EditPresenter.swift in Sources */ = {isa = PBXBuildFile; fileRef = 84AA05D728E4431900509DEE /* EditPresenter.swift */; };
		84AA05DA28E456EC00509DEE /* AddNewViewController.swift in Sources */ = {isa = PBXBuildFile; fileRef = 84AA05D928E456EC00509DEE /* AddNewViewController.swift */; };
		84AA05DC28E457A900509DEE /* AddNewPresenter.swift in Sources */ = {isa = PBXBuildFile; fileRef = 84AA05DB28E457A900509DEE /* AddNewPresenter.swift */; };
		E29E4A8F28E5F49600086B48 /* ToDoListEntity+CoreDataClass.swift in Sources */ = {isa = PBXBuildFile; fileRef = E29E4A8D28E5F49500086B48 /* ToDoListEntity+CoreDataClass.swift */; };
		E29E4A9028E5F49600086B48 /* ToDoListEntity+CoreDataProperties.swift in Sources */ = {isa = PBXBuildFile; fileRef = E29E4A8E28E5F49600086B48 /* ToDoListEntity+CoreDataProperties.swift */; };
		E29E4A9428E5F4FE00086B48 /* DataManger.swift in Sources */ = {isa = PBXBuildFile; fileRef = E29E4A9328E5F4FE00086B48 /* DataManger.swift */; };
/* End PBXBuildFile section */

/* Begin PBXFileReference section */
		84AA05A828E4350000509DEE /* TodoList.app */ = {isa = PBXFileReference; explicitFileType = wrapper.application; includeInIndex = 0; path = TodoList.app; sourceTree = BUILT_PRODUCTS_DIR; };
		84AA05AB28E4350000509DEE /* AppDelegate.swift */ = {isa = PBXFileReference; lastKnownFileType = sourcecode.swift; path = AppDelegate.swift; sourceTree = "<group>"; };
		84AA05AD28E4350000509DEE /* SceneDelegate.swift */ = {isa = PBXFileReference; lastKnownFileType = sourcecode.swift; path = SceneDelegate.swift; sourceTree = "<group>"; };
		84AA05AF28E4350000509DEE /* ListViewController.swift */ = {isa = PBXFileReference; lastKnownFileType = sourcecode.swift; path = ListViewController.swift; sourceTree = "<group>"; };
		84AA05B228E4350000509DEE /* Base */ = {isa = PBXFileReference; lastKnownFileType = file.storyboard; name = Base; path = Base.lproj/Main.storyboard; sourceTree = "<group>"; };
		84AA05B528E4350000509DEE /* TodoList.xcdatamodel */ = {isa = PBXFileReference; lastKnownFileType = wrapper.xcdatamodel; path = TodoList.xcdatamodel; sourceTree = "<group>"; };
		84AA05B728E4350100509DEE /* Assets.xcassets */ = {isa = PBXFileReference; lastKnownFileType = folder.assetcatalog; path = Assets.xcassets; sourceTree = "<group>"; };
		84AA05BA28E4350100509DEE /* Base */ = {isa = PBXFileReference; lastKnownFileType = file.storyboard; name = Base; path = Base.lproj/LaunchScreen.storyboard; sourceTree = "<group>"; };
		84AA05BC28E4350100509DEE /* Info.plist */ = {isa = PBXFileReference; lastKnownFileType = text.plist.xml; path = Info.plist; sourceTree = "<group>"; };
		84AA05CC28E435FE00509DEE /* Note.swift */ = {isa = PBXFileReference; lastKnownFileType = sourcecode.swift; path = Note.swift; sourceTree = "<group>"; };
		84AA05CE28E4363900509DEE /* ListPresenter.swift */ = {isa = PBXFileReference; lastKnownFileType = sourcecode.swift; path = ListPresenter.swift; sourceTree = "<group>"; };
		84AA05D328E439A700509DEE /* ListsCell.swift */ = {isa = PBXFileReference; lastKnownFileType = sourcecode.swift; path = ListsCell.swift; sourceTree = "<group>"; };
		84AA05D528E4425F00509DEE /* EditViewController.swift */ = {isa = PBXFileReference; lastKnownFileType = sourcecode.swift; path = EditViewController.swift; sourceTree = "<group>"; };
		84AA05D728E4431900509DEE /* EditPresenter.swift */ = {isa = PBXFileReference; lastKnownFileType = sourcecode.swift; path = EditPresenter.swift; sourceTree = "<group>"; };
		84AA05D928E456EC00509DEE /* AddNewViewController.swift */ = {isa = PBXFileReference; lastKnownFileType = sourcecode.swift; path = AddNewViewController.swift; sourceTree = "<group>"; };
		84AA05DB28E457A900509DEE /* AddNewPresenter.swift */ = {isa = PBXFileReference; lastKnownFileType = sourcecode.swift; path = AddNewPresenter.swift; sourceTree = "<group>"; };
		E29E4A8D28E5F49500086B48 /* ToDoListEntity+CoreDataClass.swift */ = {isa = PBXFileReference; lastKnownFileType = sourcecode.swift; path = "ToDoListEntity+CoreDataClass.swift"; sourceTree = "<group>"; };
		E29E4A8E28E5F49600086B48 /* ToDoListEntity+CoreDataProperties.swift */ = {isa = PBXFileReference; lastKnownFileType = sourcecode.swift; path = "ToDoListEntity+CoreDataProperties.swift"; sourceTree = "<group>"; };
		E29E4A9328E5F4FE00086B48 /* DataManger.swift */ = {isa = PBXFileReference; lastKnownFileType = sourcecode.swift; path = DataManger.swift; sourceTree = "<group>"; };
/* End PBXFileReference section */

/* Begin PBXFrameworksBuildPhase section */
		84AA05A528E4350000509DEE /* Frameworks */ = {
			isa = PBXFrameworksBuildPhase;
			buildActionMask = 2147483647;
			files = (
			);
			runOnlyForDeploymentPostprocessing = 0;
		};
/* End PBXFrameworksBuildPhase section */

/* Begin PBXGroup section */
		84AA059F28E4350000509DEE = {
			isa = PBXGroup;
			children = (
				E29E4A9328E5F4FE00086B48 /* DataManger.swift */,
				E29E4A8D28E5F49500086B48 /* ToDoListEntity+CoreDataClass.swift */,
				E29E4A8E28E5F49600086B48 /* ToDoListEntity+CoreDataProperties.swift */,
				E207D52228E4C165000E80A6 /* DatabaseService */,
				84AA05AA28E4350000509DEE /* TodoList */,
				84AA05A928E4350000509DEE /* Products */,
			);
			sourceTree = "<group>";
		};
		84AA05A928E4350000509DEE /* Products */ = {
			isa = PBXGroup;
			children = (
				84AA05A828E4350000509DEE /* TodoList.app */,
			);
			name = Products;
			sourceTree = "<group>";
		};
		84AA05AA28E4350000509DEE /* TodoList */ = {
			isa = PBXGroup;
			children = (
				84AA05D228E4394900509DEE /* ListsCell */,
				84AA05CA28E435B900509DEE /* Addnew */,
				84AA05C928E4359C00509DEE /* EditList */,
				84AA05C828E4357E00509DEE /* List */,
				84AA05C428E4353B00509DEE /* Model */,
				84AA05B128E4350000509DEE /* Main.storyboard */,
				84AA05B728E4350100509DEE /* Assets.xcassets */,
				84AA05BC28E4350100509DEE /* Info.plist */,
				84AA05B428E4350000509DEE /* TodoList.xcdatamodeld */,
				84AA05CB28E435CB00509DEE /* Other */,
			);
			path = TodoList;
			sourceTree = "<group>";
		};
		84AA05C428E4353B00509DEE /* Model */ = {
			isa = PBXGroup;
			children = (
				84AA05CC28E435FE00509DEE /* Note.swift */,
			);
			path = Model;
			sourceTree = "<group>";
		};
		84AA05C828E4357E00509DEE /* List */ = {
			isa = PBXGroup;
			children = (
				84AA05AF28E4350000509DEE /* ListViewController.swift */,
				84AA05CE28E4363900509DEE /* ListPresenter.swift */,
			);
			path = List;
			sourceTree = "<group>";
		};
		84AA05C928E4359C00509DEE /* EditList */ = {
			isa = PBXGroup;
			children = (
				84AA05D528E4425F00509DEE /* EditViewController.swift */,
				84AA05D728E4431900509DEE /* EditPresenter.swift */,
			);
			path = EditList;
			sourceTree = "<group>";
		};
		84AA05CA28E435B900509DEE /* Addnew */ = {
			isa = PBXGroup;
			children = (
				84AA05D928E456EC00509DEE /* AddNewViewController.swift */,
				84AA05DB28E457A900509DEE /* AddNewPresenter.swift */,
			);
			path = Addnew;
			sourceTree = "<group>";
		};
		84AA05CB28E435CB00509DEE /* Other */ = {
			isa = PBXGroup;
			children = (
				84AA05B928E4350100509DEE /* LaunchScreen.storyboard */,
				84AA05AD28E4350000509DEE /* SceneDelegate.swift */,
				84AA05AB28E4350000509DEE /* AppDelegate.swift */,
			);
			path = Other;
			sourceTree = "<group>";
		};
		84AA05D228E4394900509DEE /* ListsCell */ = {
			isa = PBXGroup;
			children = (
				84AA05D328E439A700509DEE /* ListsCell.swift */,
			);
			path = ListsCell;
			sourceTree = "<group>";
		};
		E207D52228E4C165000E80A6 /* DatabaseService */ = {
			isa = PBXGroup;
			children = (
			);
			path = DatabaseService;
			sourceTree = "<group>";
		};
/* End PBXGroup section */

/* Begin PBXNativeTarget section */
		84AA05A728E4350000509DEE /* TodoList */ = {
			isa = PBXNativeTarget;
			buildConfigurationList = 84AA05BF28E4350100509DEE /* Build configuration list for PBXNativeTarget "TodoList" */;
			buildPhases = (
				84AA05A428E4350000509DEE /* Sources */,
				84AA05A528E4350000509DEE /* Frameworks */,
				84AA05A628E4350000509DEE /* Resources */,
			);
			buildRules = (
			);
			dependencies = (
			);
			name = TodoList;
			productName = TodoList;
			productReference = 84AA05A828E4350000509DEE /* TodoList.app */;
			productType = "com.apple.product-type.application";
		};
/* End PBXNativeTarget section */

/* Begin PBXProject section */
		84AA05A028E4350000509DEE /* Project object */ = {
			isa = PBXProject;
			attributes = {
				BuildIndependentTargetsInParallel = 1;
				LastSwiftUpdateCheck = 1340;
				LastUpgradeCheck = 1340;
				TargetAttributes = {
					84AA05A728E4350000509DEE = {
						CreatedOnToolsVersion = 13.4.1;
					};
				};
			};
			buildConfigurationList = 84AA05A328E4350000509DEE /* Build configuration list for PBXProject "TodoList" */;
			compatibilityVersion = "Xcode 13.0";
			developmentRegion = en;
			hasScannedForEncodings = 0;
			knownRegions = (
				en,
				Base,
			);
			mainGroup = 84AA059F28E4350000509DEE;
			productRefGroup = 84AA05A928E4350000509DEE /* Products */;
			projectDirPath = "";
			projectRoot = "";
			targets = (
				84AA05A728E4350000509DEE /* TodoList */,
			);
		};
/* End PBXProject section */

/* Begin PBXResourcesBuildPhase section */
		84AA05A628E4350000509DEE /* Resources */ = {
			isa = PBXResourcesBuildPhase;
			buildActionMask = 2147483647;
			files = (
				84AA05BB28E4350100509DEE /* LaunchScreen.storyboard in Resources */,
				84AA05B828E4350100509DEE /* Assets.xcassets in Resources */,
				84AA05B328E4350000509DEE /* Main.storyboard in Resources */,
			);
			runOnlyForDeploymentPostprocessing = 0;
		};
/* End PBXResourcesBuildPhase section */

/* Begin PBXSourcesBuildPhase section */
		84AA05A428E4350000509DEE /* Sources */ = {
			isa = PBXSourcesBuildPhase;
			buildActionMask = 2147483647;
			files = (
				84AA05DC28E457A900509DEE /* AddNewPresenter.swift in Sources */,
				84AA05D628E4425F00509DEE /* EditViewController.swift in Sources */,
				84AA05CD28E435FE00509DEE /* Note.swift in Sources */,
				84AA05D828E4431900509DEE /* EditPresenter.swift in Sources */,
				E29E4A8F28E5F49600086B48 /* ToDoListEntity+CoreDataClass.swift in Sources */,
				E29E4A9428E5F4FE00086B48 /* DataManger.swift in Sources */,
				84AA05D428E439A700509DEE /* ListsCell.swift in Sources */,
				84AA05B028E4350000509DEE /* ListViewController.swift in Sources */,
				84AA05DA28E456EC00509DEE /* AddNewViewController.swift in Sources */,
				84AA05AC28E4350000509DEE /* AppDelegate.swift in Sources */,
				84AA05AE28E4350000509DEE /* SceneDelegate.swift in Sources */,
				E29E4A9028E5F49600086B48 /* ToDoListEntity+CoreDataProperties.swift in Sources */,
				84AA05CF28E4363900509DEE /* ListPresenter.swift in Sources */,
				84AA05B628E4350000509DEE /* TodoList.xcdatamodeld in Sources */,
			);
			runOnlyForDeploymentPostprocessing = 0;
		};
/* End PBXSourcesBuildPhase section */

/* Begin PBXVariantGroup section */
		84AA05B128E4350000509DEE /* Main.storyboard */ = {
			isa = PBXVariantGroup;
			children = (
				84AA05B228E4350000509DEE /* Base */,
			);
			name = Main.storyboard;
			sourceTree = "<group>";
		};
		84AA05B928E4350100509DEE /* LaunchScreen.storyboard */ = {
			isa = PBXVariantGroup;
			children = (
				84AA05BA28E4350100509DEE /* Base */,
			);
			name = LaunchScreen.storyboard;
			sourceTree = "<group>";
		};
/* End PBXVariantGroup section */

/* Begin XCBuildConfiguration section */
		84AA05BD28E4350100509DEE /* Debug */ = {
			isa = XCBuildConfiguration;
			buildSettings = {
				ALWAYS_SEARCH_USER_PATHS = NO;
				CLANG_ANALYZER_NONNULL = YES;
				CLANG_ANALYZER_NUMBER_OBJECT_CONVERSION = YES_AGGRESSIVE;
				CLANG_CXX_LANGUAGE_STANDARD = "gnu++17";
				CLANG_ENABLE_MODULES = YES;
				CLANG_ENABLE_OBJC_ARC = YES;
				CLANG_ENABLE_OBJC_WEAK = YES;
				CLANG_WARN_BLOCK_CAPTURE_AUTORELEASING = YES;
				CLANG_WARN_BOOL_CONVERSION = YES;
				CLANG_WARN_COMMA = YES;
				CLANG_WARN_CONSTANT_CONVERSION = YES;
				CLANG_WARN_DEPRECATED_OBJC_IMPLEMENTATIONS = YES;
				CLANG_WARN_DIRECT_OBJC_ISA_USAGE = YES_ERROR;
				CLANG_WARN_DOCUMENTATION_COMMENTS = YES;
				CLANG_WARN_EMPTY_BODY = YES;
				CLANG_WARN_ENUM_CONVERSION = YES;
				CLANG_WARN_INFINITE_RECURSION = YES;
				CLANG_WARN_INT_CONVERSION = YES;
				CLANG_WARN_NON_LITERAL_NULL_CONVERSION = YES;
				CLANG_WARN_OBJC_IMPLICIT_RETAIN_SELF = YES;
				CLANG_WARN_OBJC_LITERAL_CONVERSION = YES;
				CLANG_WARN_OBJC_ROOT_CLASS = YES_ERROR;
				CLANG_WARN_QUOTED_INCLUDE_IN_FRAMEWORK_HEADER = YES;
				CLANG_WARN_RANGE_LOOP_ANALYSIS = YES;
				CLANG_WARN_STRICT_PROTOTYPES = YES;
				CLANG_WARN_SUSPICIOUS_MOVE = YES;
				CLANG_WARN_UNGUARDED_AVAILABILITY = YES_AGGRESSIVE;
				CLANG_WARN_UNREACHABLE_CODE = YES;
				CLANG_WARN__DUPLICATE_METHOD_MATCH = YES;
				COPY_PHASE_STRIP = NO;
				DEBUG_INFORMATION_FORMAT = dwarf;
				ENABLE_STRICT_OBJC_MSGSEND = YES;
				ENABLE_TESTABILITY = YES;
				GCC_C_LANGUAGE_STANDARD = gnu11;
				GCC_DYNAMIC_NO_PIC = NO;
				GCC_NO_COMMON_BLOCKS = YES;
				GCC_OPTIMIZATION_LEVEL = 0;
				GCC_PREPROCESSOR_DEFINITIONS = (
					"DEBUG=1",
					"$(inherited)",
				);
				GCC_WARN_64_TO_32_BIT_CONVERSION = YES;
				GCC_WARN_ABOUT_RETURN_TYPE = YES_ERROR;
				GCC_WARN_UNDECLARED_SELECTOR = YES;
				GCC_WARN_UNINITIALIZED_AUTOS = YES_AGGRESSIVE;
				GCC_WARN_UNUSED_FUNCTION = YES;
				GCC_WARN_UNUSED_VARIABLE = YES;
				IPHONEOS_DEPLOYMENT_TARGET = 15.5;
				MTL_ENABLE_DEBUG_INFO = INCLUDE_SOURCE;
				MTL_FAST_MATH = YES;
				ONLY_ACTIVE_ARCH = YES;
				SDKROOT = iphoneos;
				SWIFT_ACTIVE_COMPILATION_CONDITIONS = DEBUG;
				SWIFT_OPTIMIZATION_LEVEL = "-Onone";
			};
			name = Debug;
		};
		84AA05BE28E4350100509DEE /* Release */ = {
			isa = XCBuildConfiguration;
			buildSettings = {
				ALWAYS_SEARCH_USER_PATHS = NO;
				CLANG_ANALYZER_NONNULL = YES;
				CLANG_ANALYZER_NUMBER_OBJECT_CONVERSION = YES_AGGRESSIVE;
				CLANG_CXX_LANGUAGE_STANDARD = "gnu++17";
				CLANG_ENABLE_MODULES = YES;
				CLANG_ENABLE_OBJC_ARC = YES;
				CLANG_ENABLE_OBJC_WEAK = YES;
				CLANG_WARN_BLOCK_CAPTURE_AUTORELEASING = YES;
				CLANG_WARN_BOOL_CONVERSION = YES;
				CLANG_WARN_COMMA = YES;
				CLANG_WARN_CONSTANT_CONVERSION = YES;
				CLANG_WARN_DEPRECATED_OBJC_IMPLEMENTATIONS = YES;
				CLANG_WARN_DIRECT_OBJC_ISA_USAGE = YES_ERROR;
				CLANG_WARN_DOCUMENTATION_COMMENTS = YES;
				CLANG_WARN_EMPTY_BODY = YES;
				CLANG_WARN_ENUM_CONVERSION = YES;
				CLANG_WARN_INFINITE_RECURSION = YES;
				CLANG_WARN_INT_CONVERSION = YES;
				CLANG_WARN_NON_LITERAL_NULL_CONVERSION = YES;
				CLANG_WARN_OBJC_IMPLICIT_RETAIN_SELF = YES;
				CLANG_WARN_OBJC_LITERAL_CONVERSION = YES;
				CLANG_WARN_OBJC_ROOT_CLASS = YES_ERROR;
				CLANG_WARN_QUOTED_INCLUDE_IN_FRAMEWORK_HEADER = YES;
				CLANG_WARN_RANGE_LOOP_ANALYSIS = YES;
				CLANG_WARN_STRICT_PROTOTYPES = YES;
				CLANG_WARN_SUSPICIOUS_MOVE = YES;
				CLANG_WARN_UNGUARDED_AVAILABILITY = YES_AGGRESSIVE;
				CLANG_WARN_UNREACHABLE_CODE = YES;
				CLANG_WARN__DUPLICATE_METHOD_MATCH = YES;
				COPY_PHASE_STRIP = NO;
				DEBUG_INFORMATION_FORMAT = "dwarf-with-dsym";
				ENABLE_NS_ASSERTIONS = NO;
				ENABLE_STRICT_OBJC_MSGSEND = YES;
				GCC_C_LANGUAGE_STANDARD = gnu11;
				GCC_NO_COMMON_BLOCKS = YES;
				GCC_WARN_64_TO_32_BIT_CONVERSION = YES;
				GCC_WARN_ABOUT_RETURN_TYPE = YES_ERROR;
				GCC_WARN_UNDECLARED_SELECTOR = YES;
				GCC_WARN_UNINITIALIZED_AUTOS = YES_AGGRESSIVE;
				GCC_WARN_UNUSED_FUNCTION = YES;
				GCC_WARN_UNUSED_VARIABLE = YES;
				IPHONEOS_DEPLOYMENT_TARGET = 15.5;
				MTL_ENABLE_DEBUG_INFO = NO;
				MTL_FAST_MATH = YES;
				SDKROOT = iphoneos;
				SWIFT_COMPILATION_MODE = wholemodule;
				SWIFT_OPTIMIZATION_LEVEL = "-O";
				VALIDATE_PRODUCT = YES;
			};
			name = Release;
		};
		84AA05C028E4350100509DEE /* Debug */ = {
			isa = XCBuildConfiguration;
			buildSettings = {
				ASSETCATALOG_COMPILER_APPICON_NAME = AppIcon;
				ASSETCATALOG_COMPILER_GLOBAL_ACCENT_COLOR_NAME = AccentColor;
				CODE_SIGN_STYLE = Automatic;
				CURRENT_PROJECT_VERSION = 1;
				DEVELOPMENT_TEAM = P4XWF3FX86;
				GENERATE_INFOPLIST_FILE = YES;
				INFOPLIST_FILE = TodoList/Info.plist;
				INFOPLIST_KEY_UIApplicationSupportsIndirectInputEvents = YES;
				INFOPLIST_KEY_UILaunchStoryboardName = LaunchScreen;
				INFOPLIST_KEY_UIMainStoryboardFile = Main;
				INFOPLIST_KEY_UISupportedInterfaceOrientations_iPad = "UIInterfaceOrientationPortrait UIInterfaceOrientationPortraitUpsideDown UIInterfaceOrientationLandscapeLeft UIInterfaceOrientationLandscapeRight";
				INFOPLIST_KEY_UISupportedInterfaceOrientations_iPhone = "UIInterfaceOrientationPortrait UIInterfaceOrientationLandscapeLeft UIInterfaceOrientationLandscapeRight";
				IPHONEOS_DEPLOYMENT_TARGET = 13.3;
				LD_RUNPATH_SEARCH_PATHS = (
					"$(inherited)",
					"@executable_path/Frameworks",
				);
				MARKETING_VERSION = 1.0;
				PRODUCT_BUNDLE_IDENTIFIER = hn.TodoList;
				PRODUCT_NAME = "$(TARGET_NAME)";
				SWIFT_EMIT_LOC_STRINGS = YES;
				SWIFT_VERSION = 5.0;
				TARGETED_DEVICE_FAMILY = 1;
			};
			name = Debug;
		};
		84AA05C128E4350100509DEE /* Release */ = {
			isa = XCBuildConfiguration;
			buildSettings = {
				ASSETCATALOG_COMPILER_APPICON_NAME = AppIcon;
				ASSETCATALOG_COMPILER_GLOBAL_ACCENT_COLOR_NAME = AccentColor;
				CODE_SIGN_STYLE = Automatic;
				CURRENT_PROJECT_VERSION = 1;
				DEVELOPMENT_TEAM = P4XWF3FX86;
				GENERATE_INFOPLIST_FILE = YES;
				INFOPLIST_FILE = TodoList/Info.plist;
				INFOPLIST_KEY_UIApplicationSupportsIndirectInputEvents = YES;
				INFOPLIST_KEY_UILaunchStoryboardName = LaunchScreen;
				INFOPLIST_KEY_UIMainStoryboardFile = Main;
				INFOPLIST_KEY_UISupportedInterfaceOrientations_iPad = "UIInterfaceOrientationPortrait UIInterfaceOrientationPortraitUpsideDown UIInterfaceOrientationLandscapeLeft UIInterfaceOrientationLandscapeRight";
				INFOPLIST_KEY_UISupportedInterfaceOrientations_iPhone = "UIInterfaceOrientationPortrait UIInterfaceOrientationLandscapeLeft UIInterfaceOrientationLandscapeRight";
				IPHONEOS_DEPLOYMENT_TARGET = 13.3;
				LD_RUNPATH_SEARCH_PATHS = (
					"$(inherited)",
					"@executable_path/Frameworks",
				);
				MARKETING_VERSION = 1.0;
				PRODUCT_BUNDLE_IDENTIFIER = hn.TodoList;
				PRODUCT_NAME = "$(TARGET_NAME)";
				SWIFT_EMIT_LOC_STRINGS = YES;
				SWIFT_VERSION = 5.0;
				TARGETED_DEVICE_FAMILY = 1;
			};
			name = Release;
		};
/* End XCBuildConfiguration section */

/* Begin XCConfigurationList section */
		84AA05A328E4350000509DEE /* Build configuration list for PBXProject "TodoList" */ = {
			isa = XCConfigurationList;
			buildConfigurations = (
				84AA05BD28E4350100509DEE /* Debug */,
				84AA05BE28E4350100509DEE /* Release */,
			);
			defaultConfigurationIsVisible = 0;
			defaultConfigurationName = Release;
		};
		84AA05BF28E4350100509DEE /* Build configuration list for PBXNativeTarget "TodoList" */ = {
			isa = XCConfigurationList;
			buildConfigurations = (
				84AA05C028E4350100509DEE /* Debug */,
				84AA05C128E4350100509DEE /* Release */,
			);
			defaultConfigurationIsVisible = 0;
			defaultConfigurationName = Release;
		};
/* End XCConfigurationList section */

/* Begin XCVersionGroup section */
		84AA05B428E4350000509DEE /* TodoList.xcdatamodeld */ = {
			isa = XCVersionGroup;
			children = (
				84AA05B528E4350000509DEE /* TodoList.xcdatamodel */,
			);
			currentVersion = 84AA05B528E4350000509DEE /* TodoList.xcdatamodel */;
			path = TodoList.xcdatamodeld;
			sourceTree = "<group>";
			versionGroupType = wrapper.xcdatamodel;
		};
/* End XCVersionGroup section */
	};
	rootObject = 84AA05A028E4350000509DEE /* Project object */;
}
